
Microsoft Visual Studio Solution File, Format Version 12.00
Project("{FAE04EC0-301F-11D3-BF4B-00C04F79EFBC}") = "Task12_1", "Task12_1.csproj", "{C38B80AF-6FC2-4BC8-A4D0-B580FDE9D175}"
EndProject
Global
	GlobalSection(SolutionConfigurationPlatforms) = preSolution
		Debug|Any CPU = Debug|Any CPU
		Release|Any CPU = Release|Any CPU
	EndGlobalSection
	GlobalSection(ProjectConfigurationPlatforms) = postSolution
		{C38B80AF-6FC2-4BC8-A4D0-B580FDE9D175}.Debug|Any CPU.ActiveCfg = Debug|Any CPU
		{C38B80AF-6FC2-4BC8-A4D0-B580FDE9D175}.Debug|Any CPU.Build.0 = Debug|Any CPU
		{C38B80AF-6FC2-4BC8-A4D0-B580FDE9D175}.Release|Any CPU.ActiveCfg = Release|Any CPU
		{C38B80AF-6FC2-4BC8-A4D0-B580FDE9D175}.Release|Any CPU.Build.0 = Release|Any CPU
	EndGlobalSection
EndGlobal
